schema: '2.0'
stages:
  preprocess:
    cmd: python scripts/preprocess.py
    deps:
    - path: data/CC_GENERAL.csv
      hash: md5
      md5: 1e50f7d531b29e8c28cd1d43d8b5f2a8
      size: 1031504
    - path: scripts/preprocess.py
      hash: md5
      md5: fbcfaf276ae4ca424f0f8d674ec482d0
      size: 204
    outs:
    - path: data/processed.csv
      hash: md5
      md5: 2135f6fa142871eeb0346f26bf166c3e
      size: 1001931
